
Microsoft Visual Studio Solution File, Format Version 12.00
# Visual Studio Version 17
VisualStudioVersion = 17.5.33627.172
MinimumVisualStudioVersion = 10.0.40219.1
Project("{FAE04EC0-301F-11D3-BF4B-00C04F79EFBC}") = "LibaryM", "LibaryM\LibaryM.csproj", "{D4368F2D-CD8C-4BBB-96AD-97C97FD5EFA2}"
EndProject
Project("{FAE04EC0-301F-11D3-BF4B-00C04F79EFBC}") = "DAL", "DAL\DAL.csproj", "{CFA86102-472B-4F47-B247-F70EB4DE06BE}"
EndProject
Project("{FAE04EC0-301F-11D3-BF4B-00C04F79EFBC}") = "Model", "Model\Model.csproj", "{BFE49DF7-8E91-4C8A-9AE5-BD839189906D}"
EndProject
Project("{FAE04EC0-301F-11D3-BF4B-00C04F79EFBC}") = "Common", "Common\Common.csproj", "{95896E3E-5D16-42E4-8025-25C98A3793A0}"
EndProject
Project("{FAE04EC0-301F-11D3-BF4B-00C04F79EFBC}") = "Services", "Services\Services.csproj", "{53050DD2-A4A0-4259-AF23-218D1B137DD3}"
EndProject
Global
	GlobalSection(SolutionConfigurationPlatforms) = preSolution
		Debug|Any CPU = Debug|Any CPU
		Release|Any CPU = Release|Any CPU
	EndGlobalSection
	GlobalSection(ProjectConfigurationPlatforms) = postSolution
		{D4368F2D-CD8C-4BBB-96AD-97C97FD5EFA2}.Debug|Any CPU.ActiveCfg = Debug|Any CPU
		{D4368F2D-CD8C-4BBB-96AD-97C97FD5EFA2}.Debug|Any CPU.Build.0 = Debug|Any CPU
		{D4368F2D-CD8C-4BBB-96AD-97C97FD5EFA2}.Release|Any CPU.ActiveCfg = Release|Any CPU
		{D4368F2D-CD8C-4BBB-96AD-97C97FD5EFA2}.Release|Any CPU.Build.0 = Release|Any CPU
		{CFA86102-472B-4F47-B247-F70EB4DE06BE}.Debug|Any CPU.ActiveCfg = Debug|Any CPU
		{CFA86102-472B-4F47-B247-F70EB4DE06BE}.Debug|Any CPU.Build.0 = Debug|Any CPU
		{CFA86102-472B-4F47-B247-F70EB4DE06BE}.Release|Any CPU.ActiveCfg = Release|Any CPU
		{CFA86102-472B-4F47-B247-F70EB4DE06BE}.Release|Any CPU.Build.0 = Release|Any CPU
		{BFE49DF7-8E91-4C8A-9AE5-BD839189906D}.Debug|Any CPU.ActiveCfg = Debug|Any CPU
		{BFE49DF7-8E91-4C8A-9AE5-BD839189906D}.Debug|Any CPU.Build.0 = Debug|Any CPU
		{BFE49DF7-8E91-4C8A-9AE5-BD839189906D}.Release|Any CPU.ActiveCfg = Release|Any CPU
		{BFE49DF7-8E91-4C8A-9AE5-BD839189906D}.Release|Any CPU.Build.0 = Release|Any CPU
		{95896E3E-5D16-42E4-8025-25C98A3793A0}.Debug|Any CPU.ActiveCfg = Debug|Any CPU
		{95896E3E-5D16-42E4-8025-25C98A3793A0}.Debug|Any CPU.Build.0 = Debug|Any CPU
		{95896E3E-5D16-42E4-8025-25C98A3793A0}.Release|Any CPU.ActiveCfg = Release|Any CPU
		{95896E3E-5D16-42E4-8025-25C98A3793A0}.Release|Any CPU.Build.0 = Release|Any CPU
		{53050DD2-A4A0-4259-AF23-218D1B137DD3}.Debug|Any CPU.ActiveCfg = Debug|Any CPU
		{53050DD2-A4A0-4259-AF23-218D1B137DD3}.Debug|Any CPU.Build.0 = Debug|Any CPU
		{53050DD2-A4A0-4259-AF23-218D1B137DD3}.Release|Any CPU.ActiveCfg = Release|Any CPU
		{53050DD2-A4A0-4259-AF23-218D1B137DD3}.Release|Any CPU.Build.0 = Release|Any CPU
	EndGlobalSection
	GlobalSection(SolutionProperties) = preSolution
		HideSolutionNode = FALSE
	EndGlobalSection
	GlobalSection(ExtensibilityGlobals) = postSolution
		SolutionGuid = {E77E52F3-EC64-44CE-8F0D-34CC85B3D18F}
	EndGlobalSection
EndGlobal
